// !$*UTF8*$!
{
	archiveVersion = 1;
	classes = {
	};
	objectVersion = 46;
	objects = {

/* Begin PBXBuildFile section */
		C163AC291AD21650006AD273 /* libVVBasics.a in Frameworks */ = {isa = PBXBuildFile; fileRef = C163AC181AD215FD006AD273 /* libVVBasics.a */; };
		C163AC2A1AD21650006AD273 /* libVVOSC.a in Frameworks */ = {isa = PBXBuildFile; fileRef = C163AC1A1AD215FD006AD273 /* libVVOSC.a */; };
		F0607EAC1ACE25910079EA3D /* ImageReader.mm in Sources */ = {isa = PBXBuildFile; fileRef = F0607EAB1ACE25910079EA3D /* ImageReader.mm */; };
		F0607EB51AD4742B0079EA3D /* OSCSender.swift in Sources */ = {isa = PBXBuildFile; fileRef = F0607EB41AD4742B0079EA3D /* OSCSender.swift */; };
		F060FFC31AC373DC008F79C9 /* libpd-ios.a in Frameworks */ = {isa = PBXBuildFile; fileRef = F060FFBE1AC373A6008F79C9 /* libpd-ios.a */; };
		F060FFC51AC373E5008F79C9 /* AudioToolbox.framework in Frameworks */ = {isa = PBXBuildFile; fileRef = F060FFC41AC373E5008F79C9 /* AudioToolbox.framework */; };
		F060FFC81AC374D2008F79C9 /* bounce.pd in Resources */ = {isa = PBXBuildFile; fileRef = F060FFC71AC374D2008F79C9 /* bounce.pd */; };
		F060FFCC1AC378E8008F79C9 /* SoundManager.m in Sources */ = {isa = PBXBuildFile; fileRef = F060FFCB1AC378E8008F79C9 /* SoundManager.m */; };
		F060FFD11AC38CC6008F79C9 /* master.pd in Resources */ = {isa = PBXBuildFile; fileRef = F060FFD01AC38CC6008F79C9 /* master.pd */; };
		F0EEB7281AB6882600149986 /* AppDelegate.swift in Sources */ = {isa = PBXBuildFile; fileRef = F0EEB7271AB6882600149986 /* AppDelegate.swift */; };
		F0EEB72A1AB6882600149986 /* GameScene.sks in Resources */ = {isa = PBXBuildFile; fileRef = F0EEB7291AB6882600149986 /* GameScene.sks */; };
		F0EEB72C1AB6882600149986 /* GameScene.swift in Sources */ = {isa = PBXBuildFile; fileRef = F0EEB72B1AB6882600149986 /* GameScene.swift */; };
		F0EEB72E1AB6882600149986 /* GameViewController.swift in Sources */ = {isa = PBXBuildFile; fileRef = F0EEB72D1AB6882600149986 /* GameViewController.swift */; };
		F0EEB7311AB6882600149986 /* Main.storyboard in Resources */ = {isa = PBXBuildFile; fileRef = F0EEB72F1AB6882600149986 /* Main.storyboard */; };
		F0EEB7361AB6882600149986 /* LaunchScreen.xib in Resources */ = {isa = PBXBuildFile; fileRef = F0EEB7341AB6882600149986 /* LaunchScreen.xib */; };
		F0EEB7511AB7CF5D00149986 /* ball@2x.png in Resources */ = {isa = PBXBuildFile; fileRef = F0EEB74F1AB7CF5D00149986 /* ball@2x.png */; };
		F0EEB7521AB7CF5D00149986 /* dropper@2x.png in Resources */ = {isa = PBXBuildFile; fileRef = F0EEB7501AB7CF5D00149986 /* dropper@2x.png */; };
		F0EEB76A1AB8D84500149986 /* Accelerate.framework in Frameworks */ = {isa = PBXBuildFile; fileRef = F0EEB7601AB8D84500149986 /* Accelerate.framework */; };
		F0EEB76B1AB8D84500149986 /* AssetsLibrary.framework in Frameworks */ = {isa = PBXBuildFile; fileRef = F0EEB7611AB8D84500149986 /* AssetsLibrary.framework */; };
		F0EEB76C1AB8D84500149986 /* AVFoundation.framework in Frameworks */ = {isa = PBXBuildFile; fileRef = F0EEB7621AB8D84500149986 /* AVFoundation.framework */; };
		F0EEB76D1AB8D84500149986 /* CoreGraphics.framework in Frameworks */ = {isa = PBXBuildFile; fileRef = F0EEB7631AB8D84500149986 /* CoreGraphics.framework */; };
		F0EEB76E1AB8D84500149986 /* CoreImage.framework in Frameworks */ = {isa = PBXBuildFile; fileRef = F0EEB7641AB8D84500149986 /* CoreImage.framework */; };
		F0EEB76F1AB8D84500149986 /* CoreMedia.framework in Frameworks */ = {isa = PBXBuildFile; fileRef = F0EEB7651AB8D84500149986 /* CoreMedia.framework */; };
		F0EEB7701AB8D84500149986 /* CoreVideo.framework in Frameworks */ = {isa = PBXBuildFile; fileRef = F0EEB7661AB8D84500149986 /* CoreVideo.framework */; };
		F0EEB7711AB8D84500149986 /* Foundation.framework in Frameworks */ = {isa = PBXBuildFile; fileRef = F0EEB7671AB8D84500149986 /* Foundation.framework */; };
		F0EEB7721AB8D84500149986 /* QuartzCore.framework in Frameworks */ = {isa = PBXBuildFile; fileRef = F0EEB7681AB8D84500149986 /* QuartzCore.framework */; };
		F0EEB7731AB8D84500149986 /* UIKit.framework in Frameworks */ = {isa = PBXBuildFile; fileRef = F0EEB7691AB8D84500149986 /* UIKit.framework */; };
		F0EEB7761AB8D91F00149986 /* opencv2.framework in Frameworks */ = {isa = PBXBuildFile; fileRef = F0EEB7751AB8D91F00149986 /* opencv2.framework */; };
		F0EEB7821ABB2FEB00149986 /* OpenCVImageReader.mm in Sources */ = {isa = PBXBuildFile; fileRef = F0EEB7801ABB2FEB00149986 /* OpenCVImageReader.mm */; };
		F0EEB7841ABB369400149986 /* testImage.png in Resources */ = {isa = PBXBuildFile; fileRef = F0EEB7831ABB369400149986 /* testImage.png */; };
		F0EEB7881ABB6F5D00149986 /* Globals.swift in Sources */ = {isa = PBXBuildFile; fileRef = F0EEB7871ABB6F5D00149986 /* Globals.swift */; };
		F0EEB78A1ABB719A00149986 /* Helpers.swift in Sources */ = {isa = PBXBuildFile; fileRef = F0EEB7891ABB719A00149986 /* Helpers.swift */; };
/* End PBXBuildFile section */

/* Begin PBXContainerItemProxy section */
		C163ABFB1AD215FD006AD273 /* PBXContainerItemProxy */ = {
			isa = PBXContainerItemProxy;
			containerPortal = C163ABDE1AD215FC006AD273 /* VVOpenSource.xcodeproj */;
			proxyType = 2;
			remoteGlobalIDString = 961EA8ED100E8565007E6C25;
			remoteInfo = VVBasics;
		};
		C163ABFD1AD215FD006AD273 /* PBXContainerItemProxy */ = {
			isa = PBXContainerItemProxy;
			containerPortal = C163ABDE1AD215FC006AD273 /* VVOpenSource.xcodeproj */;
			proxyType = 2;
			remoteGlobalIDString = 96C8073A19817C1600FA7825;
			remoteInfo = VVBufferPool;
		};
		C163ABFF1AD215FD006AD273 /* PBXContainerItemProxy */ = {
			isa = PBXContainerItemProxy;
			containerPortal = C163ABDE1AD215FC006AD273 /* VVOpenSource.xcodeproj */;
			proxyType = 2;
			remoteGlobalIDString = 96C8071219817BFE00FA7825;
			remoteInfo = DDMathParser;
		};
		C163AC011AD215FD006AD273 /* PBXContainerItemProxy */ = {
			isa = PBXContainerItemProxy;
			containerPortal = C163ABDE1AD215FC006AD273 /* VVOpenSource.xcodeproj */;
			proxyType = 2;
			remoteGlobalIDString = 96C8072619817C0A00FA7825;
			remoteInfo = JSONKit;
		};
		C163AC031AD215FD006AD273 /* PBXContainerItemProxy */ = {
			isa = PBXContainerItemProxy;
			containerPortal = C163ABDE1AD215FC006AD273 /* VVOpenSource.xcodeproj */;
			proxyType = 2;
			remoteGlobalIDString = 964FF27D1981B5AF00CCC808;
			remoteInfo = VVISFKit;
		};
		C163AC051AD215FD006AD273 /* PBXContainerItemProxy */ = {
			isa = PBXContainerItemProxy;
			containerPortal = C163ABDE1AD215FC006AD273 /* VVOpenSource.xcodeproj */;
			proxyType = 2;
			remoteGlobalIDString = 96B06C1C18BE0ECF000A921C;
			remoteInfo = VVUIToolbox;
		};
		C163AC071AD215FD006AD273 /* PBXContainerItemProxy */ = {
			isa = PBXContainerItemProxy;
			containerPortal = C163ABDE1AD215FC006AD273 /* VVOpenSource.xcodeproj */;
			proxyType = 2;
			remoteGlobalIDString = 961745F4100F86B400FB60E6;
			remoteInfo = VVMIDI;
		};
		C163AC091AD215FD006AD273 /* PBXContainerItemProxy */ = {
			isa = PBXContainerItemProxy;
			containerPortal = C163ABDE1AD215FC006AD273 /* VVOpenSource.xcodeproj */;
			proxyType = 2;
			remoteGlobalIDString = 9628D0C5100E89F700C3944E;
			remoteInfo = VVOSC;
		};
		C163AC0B1AD215FD006AD273 /* PBXContainerItemProxy */ = {
			isa = PBXContainerItemProxy;
			containerPortal = C163ABDE1AD215FC006AD273 /* VVOpenSource.xcodeproj */;
			proxyType = 2;
			remoteGlobalIDString = 968FAA86108B6141000E470D;
			remoteInfo = CrashReporterTestApp;
		};
		C163AC0D1AD215FD006AD273 /* PBXContainerItemProxy */ = {
			isa = PBXContainerItemProxy;
			containerPortal = C163ABDE1AD215FC006AD273 /* VVOpenSource.xcodeproj */;
			proxyType = 2;
			remoteGlobalIDString = 9656D900100F89BA0064EEA6;
			remoteInfo = MIDITestApp;
		};
		C163AC0F1AD215FD006AD273 /* PBXContainerItemProxy */ = {
			isa = PBXContainerItemProxy;
			containerPortal = C163ABDE1AD215FC006AD273 /* VVOpenSource.xcodeproj */;
			proxyType = 2;
			remoteGlobalIDString = 9628D179100E8B4D00C3944E;
			remoteInfo = OSCTestApp;
		};
		C163AC111AD215FD006AD273 /* PBXContainerItemProxy */ = {
			isa = PBXContainerItemProxy;
			containerPortal = C163ABDE1AD215FC006AD273 /* VVOpenSource.xcodeproj */;
			proxyType = 2;
			remoteGlobalIDString = 96B49302106AEB4C008FB26E;
			remoteInfo = MIDIviaOSC;
		};
		C163AC131AD215FD006AD273 /* PBXContainerItemProxy */ = {
			isa = PBXContainerItemProxy;
			containerPortal = C163ABDE1AD215FC006AD273 /* VVOpenSource.xcodeproj */;
			proxyType = 2;
			remoteGlobalIDString = 966CCBD81431EFB9006D580F;
			remoteInfo = OSCQueryTest;
		};
		C163AC151AD215FD006AD273 /* PBXContainerItemProxy */ = {
			isa = PBXContainerItemProxy;
			containerPortal = C163ABDE1AD215FC006AD273 /* VVOpenSource.xcodeproj */;
			proxyType = 2;
			remoteGlobalIDString = 96ACD7211706416300138AE6;
			remoteInfo = OSCPingTester;
		};
		C163AC171AD215FD006AD273 /* PBXContainerItemProxy */ = {
			isa = PBXContainerItemProxy;
			containerPortal = C163ABDE1AD215FC006AD273 /* VVOpenSource.xcodeproj */;
			proxyType = 2;
			remoteGlobalIDString = 96C18C2D185A1A740082DE35;
			remoteInfo = VVBasicsStatic;
		};
		C163AC191AD215FD006AD273 /* PBXContainerItemProxy */ = {
			isa = PBXContainerItemProxy;
			containerPortal = C163ABDE1AD215FC006AD273 /* VVOpenSource.xcodeproj */;
			proxyType = 2;
			remoteGlobalIDString = 96C18C3E185A1A7D0082DE35;
			remoteInfo = VVOSCStatic;
		};
		C163AC1B1AD215FD006AD273 /* PBXContainerItemProxy */ = {
			isa = PBXContainerItemProxy;
			containerPortal = C163ABDE1AD215FC006AD273 /* VVOpenSource.xcodeproj */;
			proxyType = 2;
			remoteGlobalIDString = 1A6F726619033A9D00A6FBAD;
			remoteInfo = VVUIToolboxStatic;
		};
		C163AC1D1AD215FD006AD273 /* PBXContainerItemProxy */ = {
			isa = PBXContainerItemProxy;
			containerPortal = C163ABDE1AD215FC006AD273 /* VVOpenSource.xcodeproj */;
			proxyType = 2;
			remoteGlobalIDString = 965C1CAC1983BE7D00111741;
			remoteInfo = "GLScene Test App";
		};
		C163AC1F1AD215FD006AD273 /* PBXContainerItemProxy */ = {
			isa = PBXContainerItemProxy;
			containerPortal = C163ABDE1AD215FC006AD273 /* VVOpenSource.xcodeproj */;
			proxyType = 2;
			remoteGlobalIDString = 965C1CC71983BE9A00111741;
			remoteInfo = "QCGLScene Test App";
		};
		C163AC211AD215FD006AD273 /* PBXContainerItemProxy */ = {
			isa = PBXContainerItemProxy;
			containerPortal = C163ABDE1AD215FC006AD273 /* VVOpenSource.xcodeproj */;
			proxyType = 2;
			remoteGlobalIDString = 965C1CE21983BEA200111741;
			remoteInfo = "CIGLScene Test App";
		};
		C163AC231AD215FD006AD273 /* PBXContainerItemProxy */ = {
			isa = PBXContainerItemProxy;
			containerPortal = C163ABDE1AD215FC006AD273 /* VVOpenSource.xcodeproj */;
			proxyType = 2;
			remoteGlobalIDString = 965C1CFD198403C300111741;
			remoteInfo = "ISFGLScene Test App";
		};
		C163AC251AD215FD006AD273 /* PBXContainerItemProxy */ = {
			isa = PBXContainerItemProxy;
			containerPortal = C163ABDE1AD215FC006AD273 /* VVOpenSource.xcodeproj */;
			proxyType = 2;
			remoteGlobalIDString = 96140109198AD46D00335292;
			remoteInfo = "QT and Hap Test App";
		};
		C163AC271AD21635006AD273 /* PBXContainerItemProxy */ = {
			isa = PBXContainerItemProxy;
			containerPortal = C163ABDE1AD215FC006AD273 /* VVOpenSource.xcodeproj */;
			proxyType = 1;
			remoteGlobalIDString = 968A7EEB185BA3100075DEB1;
			remoteInfo = "Build iOS static libs";
		};
		F060FFBD1AC373A6008F79C9 /* PBXContainerItemProxy */ = {
			isa = PBXContainerItemProxy;
			containerPortal = F060FFB81AC373A6008F79C9 /* libpd.xcodeproj */;
			proxyType = 2;
			remoteGlobalIDString = D2AAC07E0554694100DB518D;
			remoteInfo = "libpd-ios";
		};
		F060FFBF1AC373A6008F79C9 /* PBXContainerItemProxy */ = {
			isa = PBXContainerItemProxy;
			containerPortal = F060FFB81AC373A6008F79C9 /* libpd.xcodeproj */;
			proxyType = 2;
			remoteGlobalIDString = 119013AB1486450C00086F19;
			remoteInfo = "libpd-osx";
		};
		F060FFC11AC373CF008F79C9 /* PBXContainerItemProxy */ = {
			isa = PBXContainerItemProxy;
			containerPortal = F060FFB81AC373A6008F79C9 /* libpd.xcodeproj */;
			proxyType = 1;
			remoteGlobalIDString = D2AAC07D0554694100DB518D;
			remoteInfo = "libpd-ios";
		};
/* End PBXContainerItemProxy section */

/* Begin PBXFileReference section */
		C163ABDE1AD215FC006AD273 /* VVOpenSource.xcodeproj */ = {isa = PBXFileReference; lastKnownFileType = "wrapper.pb-project"; name = VVOpenSource.xcodeproj; path = vvopensource/VVOpenSource.xcodeproj; sourceTree = "<group>"; };
		F0607EAA1ACE25910079EA3D /* ImageReader.h */ = {isa = PBXFileReference; fileEncoding = 4; lastKnownFileType = sourcecode.c.h; path = ImageReader.h; sourceTree = "<group>"; };
		F0607EAB1ACE25910079EA3D /* ImageReader.mm */ = {isa = PBXFileReference; fileEncoding = 4; lastKnownFileType = sourcecode.cpp.objcpp; path = ImageReader.mm; sourceTree = "<group>"; };
		F0607EB41AD4742B0079EA3D /* OSCSender.swift */ = {isa = PBXFileReference; fileEncoding = 4; lastKnownFileType = sourcecode.swift; path = OSCSender.swift; sourceTree = "<group>"; };
		F060FFB81AC373A6008F79C9 /* libpd.xcodeproj */ = {isa = PBXFileReference; lastKnownFileType = "wrapper.pb-project"; name = libpd.xcodeproj; path = libpd/libpd.xcodeproj; sourceTree = "<group>"; };
		F060FFC41AC373E5008F79C9 /* AudioToolbox.framework */ = {isa = PBXFileReference; lastKnownFileType = wrapper.framework; name = AudioToolbox.framework; path = System/Library/Frameworks/AudioToolbox.framework; sourceTree = SDKROOT; };
		F060FFC71AC374D2008F79C9 /* bounce.pd */ = {isa = PBXFileReference; fileEncoding = 4; lastKnownFileType = text; name = bounce.pd; path = ../../bounce.pd; sourceTree = "<group>"; };
		F060FFCA1AC378E8008F79C9 /* SoundManager.h */ = {isa = PBXFileReference; fileEncoding = 4; lastKnownFileType = sourcecode.c.h; path = SoundManager.h; sourceTree = "<group>"; };
		F060FFCB1AC378E8008F79C9 /* SoundManager.m */ = {isa = PBXFileReference; fileEncoding = 4; lastKnownFileType = sourcecode.c.objc; path = SoundManager.m; sourceTree = "<group>"; };
		F060FFD01AC38CC6008F79C9 /* master.pd */ = {isa = PBXFileReference; fileEncoding = 4; lastKnownFileType = text; name = master.pd; path = ../../master.pd; sourceTree = "<group>"; };
		F0EEB7221AB6882600149986 /* SoundDrop.app */ = {isa = PBXFileReference; explicitFileType = wrapper.application; includeInIndex = 0; path = SoundDrop.app; sourceTree = BUILT_PRODUCTS_DIR; };
		F0EEB7261AB6882600149986 /* Info.plist */ = {isa = PBXFileReference; lastKnownFileType = text.plist.xml; path = Info.plist; sourceTree = "<group>"; };
		F0EEB7271AB6882600149986 /* AppDelegate.swift */ = {isa = PBXFileReference; lastKnownFileType = sourcecode.swift; path = AppDelegate.swift; sourceTree = "<group>"; };
		F0EEB7291AB6882600149986 /* GameScene.sks */ = {isa = PBXFileReference; lastKnownFileType = file.sks; path = GameScene.sks; sourceTree = "<group>"; };
		F0EEB72B1AB6882600149986 /* GameScene.swift */ = {isa = PBXFileReference; lastKnownFileType = sourcecode.swift; path = GameScene.swift; sourceTree = "<group>"; };
		F0EEB72D1AB6882600149986 /* GameViewController.swift */ = {isa = PBXFileReference; lastKnownFileType = sourcecode.swift; path = GameViewController.swift; sourceTree = "<group>"; };
		F0EEB7301AB6882600149986 /* Base */ = {isa = PBXFileReference; lastKnownFileType = file.storyboard; name = Base; path = Base.lproj/Main.storyboard; sourceTree = "<group>"; };
		F0EEB7351AB6882600149986 /* Base */ = {isa = PBXFileReference; lastKnownFileType = file.xib; name = Base; path = Base.lproj/LaunchScreen.xib; sourceTree = "<group>"; };
		F0EEB74F1AB7CF5D00149986 /* ball@2x.png */ = {isa = PBXFileReference; lastKnownFileType = image.png; path = "ball@2x.png"; sourceTree = "<group>"; };
		F0EEB7501AB7CF5D00149986 /* dropper@2x.png */ = {isa = PBXFileReference; lastKnownFileType = image.png; path = "dropper@2x.png"; sourceTree = "<group>"; };
		F0EEB7591AB8D4E900149986 /* SoundDrop-Bridging-Header.h */ = {isa = PBXFileReference; lastKnownFileType = sourcecode.c.h; path = "SoundDrop-Bridging-Header.h"; sourceTree = "<group>"; };
		F0EEB7601AB8D84500149986 /* Accelerate.framework */ = {isa = PBXFileReference; lastKnownFileType = wrapper.framework; name = Accelerate.framework; path = System/Library/Frameworks/Accelerate.framework; sourceTree = SDKROOT; };
		F0EEB7611AB8D84500149986 /* AssetsLibrary.framework */ = {isa = PBXFileReference; lastKnownFileType = wrapper.framework; name = AssetsLibrary.framework; path = System/Library/Frameworks/AssetsLibrary.framework; sourceTree = SDKROOT; };
		F0EEB7621AB8D84500149986 /* AVFoundation.framework */ = {isa = PBXFileReference; lastKnownFileType = wrapper.framework; name = AVFoundation.framework; path = System/Library/Frameworks/AVFoundation.framework; sourceTree = SDKROOT; };
		F0EEB7631AB8D84500149986 /* CoreGraphics.framework */ = {isa = PBXFileReference; lastKnownFileType = wrapper.framework; name = CoreGraphics.framework; path = System/Library/Frameworks/CoreGraphics.framework; sourceTree = SDKROOT; };
		F0EEB7641AB8D84500149986 /* CoreImage.framework */ = {isa = PBXFileReference; lastKnownFileType = wrapper.framework; name = CoreImage.framework; path = System/Library/Frameworks/CoreImage.framework; sourceTree = SDKROOT; };
		F0EEB7651AB8D84500149986 /* CoreMedia.framework */ = {isa = PBXFileReference; lastKnownFileType = wrapper.framework; name = CoreMedia.framework; path = System/Library/Frameworks/CoreMedia.framework; sourceTree = SDKROOT; };
		F0EEB7661AB8D84500149986 /* CoreVideo.framework */ = {isa = PBXFileReference; lastKnownFileType = wrapper.framework; name = CoreVideo.framework; path = System/Library/Frameworks/CoreVideo.framework; sourceTree = SDKROOT; };
		F0EEB7671AB8D84500149986 /* Foundation.framework */ = {isa = PBXFileReference; lastKnownFileType = wrapper.framework; name = Foundation.framework; path = System/Library/Frameworks/Foundation.framework; sourceTree = SDKROOT; };
		F0EEB7681AB8D84500149986 /* QuartzCore.framework */ = {isa = PBXFileReference; lastKnownFileType = wrapper.framework; name = QuartzCore.framework; path = System/Library/Frameworks/QuartzCore.framework; sourceTree = SDKROOT; };
		F0EEB7691AB8D84500149986 /* UIKit.framework */ = {isa = PBXFileReference; lastKnownFileType = wrapper.framework; name = UIKit.framework; path = System/Library/Frameworks/UIKit.framework; sourceTree = SDKROOT; };
		F0EEB7751AB8D91F00149986 /* opencv2.framework */ = {isa = PBXFileReference; lastKnownFileType = wrapper.framework; path = opencv2.framework; sourceTree = "<group>"; };
		F0EEB7801ABB2FEB00149986 /* OpenCVImageReader.mm */ = {isa = PBXFileReference; fileEncoding = 4; lastKnownFileType = sourcecode.cpp.objcpp; path = OpenCVImageReader.mm; sourceTree = "<group>"; };
		F0EEB7811ABB2FEB00149986 /* OpenCVImageReader.h */ = {isa = PBXFileReference; explicitFileType = sourcecode.c.h; fileEncoding = 4; path = OpenCVImageReader.h; sourceTree = "<group>"; };
		F0EEB7831ABB369400149986 /* testImage.png */ = {isa = PBXFileReference; lastKnownFileType = image.png; path = testImage.png; sourceTree = "<group>"; };
		F0EEB7871ABB6F5D00149986 /* Globals.swift */ = {isa = PBXFileReference; fileEncoding = 4; lastKnownFileType = sourcecode.swift; path = Globals.swift; sourceTree = "<group>"; };
		F0EEB7891ABB719A00149986 /* Helpers.swift */ = {isa = PBXFileReference; fileEncoding = 4; lastKnownFileType = sourcecode.swift; path = Helpers.swift; sourceTree = "<group>"; };
/* End PBXFileReference section */

/* Begin PBXFrameworksBuildPhase section */
		F0EEB71F1AB6882600149986 /* Frameworks */ = {
			isa = PBXFrameworksBuildPhase;
			buildActionMask = 2147483647;
			files = (
				C163AC291AD21650006AD273 /* libVVBasics.a in Frameworks */,
				C163AC2A1AD21650006AD273 /* libVVOSC.a in Frameworks */,
				F060FFC31AC373DC008F79C9 /* libpd-ios.a in Frameworks */,
				F0EEB76A1AB8D84500149986 /* Accelerate.framework in Frameworks */,
				F0EEB76B1AB8D84500149986 /* AssetsLibrary.framework in Frameworks */,
				F060FFC51AC373E5008F79C9 /* AudioToolbox.framework in Frameworks */,
				F0EEB76C1AB8D84500149986 /* AVFoundation.framework in Frameworks */,
				F0EEB76D1AB8D84500149986 /* CoreGraphics.framework in Frameworks */,
				F0EEB76E1AB8D84500149986 /* CoreImage.framework in Frameworks */,
				F0EEB76F1AB8D84500149986 /* CoreMedia.framework in Frameworks */,
				F0EEB7701AB8D84500149986 /* CoreVideo.framework in Frameworks */,
				F0EEB7711AB8D84500149986 /* Foundation.framework in Frameworks */,
				F0EEB7721AB8D84500149986 /* QuartzCore.framework in Frameworks */,
				F0EEB7731AB8D84500149986 /* UIKit.framework in Frameworks */,
				F0EEB7761AB8D91F00149986 /* opencv2.framework in Frameworks */,
			);
			runOnlyForDeploymentPostprocessing = 0;
		};
/* End PBXFrameworksBuildPhase section */

/* Begin PBXGroup section */
		C163ABDF1AD215FC006AD273 /* Products */ = {
			isa = PBXGroup;
			children = (
				C163ABFC1AD215FD006AD273 /* VVBasics.framework */,
				C163ABFE1AD215FD006AD273 /* VVBufferPool.framework */,
				C163AC001AD215FD006AD273 /* DDMathParser.framework */,
				C163AC021AD215FD006AD273 /* JSONKit.framework */,
				C163AC041AD215FD006AD273 /* VVISFKit.framework */,
				C163AC061AD215FD006AD273 /* VVUIToolbox.framework */,
				C163AC081AD215FD006AD273 /* VVMIDI.framework */,
				C163AC0A1AD215FD006AD273 /* VVOSC.framework */,
				C163AC0C1AD215FD006AD273 /* CrashReporterTestApp.app */,
				C163AC0E1AD215FD006AD273 /* MIDITestApp.app */,
				C163AC101AD215FD006AD273 /* OSCTestApp.app */,
				C163AC121AD215FD006AD273 /* MIDIviaOSC.app */,
				C163AC141AD215FD006AD273 /* OSCQueryTest.app */,
				C163AC161AD215FD006AD273 /* OSCPingTester.app */,
				C163AC181AD215FD006AD273 /* libVVBasics.a */,
				C163AC1A1AD215FD006AD273 /* libVVOSC.a */,
				C163AC1C1AD215FD006AD273 /* libVVUIToolbox.a */,
				C163AC1E1AD215FD006AD273 /* GLScene Test App.app */,
				C163AC201AD215FD006AD273 /* QCGLScene Test App.app */,
				C163AC221AD215FD006AD273 /* CIGLScene Test App.app */,
				C163AC241AD215FD006AD273 /* ISFGLScene Test App.app */,
				C163AC261AD215FD006AD273 /* QT and Hap Test App.app */,
			);
			name = Products;
			sourceTree = "<group>";
		};
		F060FFB91AC373A6008F79C9 /* Products */ = {
			isa = PBXGroup;
			children = (
				F060FFBE1AC373A6008F79C9 /* libpd-ios.a */,
				F060FFC01AC373A6008F79C9 /* libpd-osx.a */,
			);
			name = Products;
			sourceTree = "<group>";
		};
		F060FFC61AC374B9008F79C9 /* Pure Data */ = {
			isa = PBXGroup;
			children = (
				F060FFCA1AC378E8008F79C9 /* SoundManager.h */,
				F060FFCB1AC378E8008F79C9 /* SoundManager.m */,
				F060FFD01AC38CC6008F79C9 /* master.pd */,
				F060FFC71AC374D2008F79C9 /* bounce.pd */,
			);
			name = "Pure Data";
			sourceTree = "<group>";
		};
		F0EEB7191AB6882600149986 = {
			isa = PBXGroup;
			children = (
				C163ABDE1AD215FC006AD273 /* VVOpenSource.xcodeproj */,
				F060FFB81AC373A6008F79C9 /* libpd.xcodeproj */,
				F0EEB7241AB6882600149986 /* SoundDrop */,
				F0EEB7231AB6882600149986 /* Products */,
				F0EEB7741AB8D86000149986 /* Frameworks */,
			);
			sourceTree = "<group>";
		};
		F0EEB7231AB6882600149986 /* Products */ = {
			isa = PBXGroup;
			children = (
				F0EEB7221AB6882600149986 /* SoundDrop.app */,
			);
			name = Products;
			sourceTree = "<group>";
		};
		F0EEB7241AB6882600149986 /* SoundDrop */ = {
			isa = PBXGroup;
			children = (
				F0EEB7581AB8D4C000149986 /* Computer Vision Code */,
				F0EEB7561AB8D4A700149986 /* Game Code */,
				F060FFC61AC374B9008F79C9 /* Pure Data */,
				F0EEB7571AB8D4B600149986 /* Miscellaneous */,
				F0EEB7531AB7CF6500149986 /* Images */,
				F0EEB7251AB6882600149986 /* Supporting Files */,
			);
			path = SoundDrop;
			sourceTree = "<group>";
		};
		F0EEB7251AB6882600149986 /* Supporting Files */ = {
			isa = PBXGroup;
			children = (
				F0EEB7261AB6882600149986 /* Info.plist */,
			);
			name = "Supporting Files";
			sourceTree = "<group>";
		};
		F0EEB7531AB7CF6500149986 /* Images */ = {
			isa = PBXGroup;
			children = (
				F0EEB7831ABB369400149986 /* testImage.png */,
				F0EEB74F1AB7CF5D00149986 /* ball@2x.png */,
				F0EEB7501AB7CF5D00149986 /* dropper@2x.png */,
			);
			name = Images;
			sourceTree = "<group>";
		};
		F0EEB7561AB8D4A700149986 /* Game Code */ = {
			isa = PBXGroup;
			children = (
				F0EEB7291AB6882600149986 /* GameScene.sks */,
				F0EEB72B1AB6882600149986 /* GameScene.swift */,
				F0EEB72D1AB6882600149986 /* GameViewController.swift */,
				F0607EB41AD4742B0079EA3D /* OSCSender.swift */,
				F0EEB7871ABB6F5D00149986 /* Globals.swift */,
				F0EEB7891ABB719A00149986 /* Helpers.swift */,
			);
			name = "Game Code";
			sourceTree = "<group>";
		};
		F0EEB7571AB8D4B600149986 /* Miscellaneous */ = {
			isa = PBXGroup;
			children = (
				F0EEB7591AB8D4E900149986 /* SoundDrop-Bridging-Header.h */,
				F0EEB7271AB6882600149986 /* AppDelegate.swift */,
				F0EEB72F1AB6882600149986 /* Main.storyboard */,
				F0EEB7341AB6882600149986 /* LaunchScreen.xib */,
			);
			name = Miscellaneous;
			sourceTree = "<group>";
		};
		F0EEB7581AB8D4C000149986 /* Computer Vision Code */ = {
			isa = PBXGroup;
			children = (
				F0EEB7811ABB2FEB00149986 /* OpenCVImageReader.h */,
				F0EEB7801ABB2FEB00149986 /* OpenCVImageReader.mm */,
				F0607EAA1ACE25910079EA3D /* ImageReader.h */,
				F0607EAB1ACE25910079EA3D /* ImageReader.mm */,
			);
			name = "Computer Vision Code";
			sourceTree = "<group>";
		};
		F0EEB7741AB8D86000149986 /* Frameworks */ = {
			isa = PBXGroup;
			children = (
				F060FFC41AC373E5008F79C9 /* AudioToolbox.framework */,
				F0EEB7751AB8D91F00149986 /* opencv2.framework */,
				F0EEB7601AB8D84500149986 /* Accelerate.framework */,
				F0EEB7611AB8D84500149986 /* AssetsLibrary.framework */,
				F0EEB7621AB8D84500149986 /* AVFoundation.framework */,
				F0EEB7631AB8D84500149986 /* CoreGraphics.framework */,
				F0EEB7641AB8D84500149986 /* CoreImage.framework */,
				F0EEB7651AB8D84500149986 /* CoreMedia.framework */,
				F0EEB7661AB8D84500149986 /* CoreVideo.framework */,
				F0EEB7671AB8D84500149986 /* Foundation.framework */,
				F0EEB7681AB8D84500149986 /* QuartzCore.framework */,
				F0EEB7691AB8D84500149986 /* UIKit.framework */,
			);
			name = Frameworks;
			sourceTree = "<group>";
		};
/* End PBXGroup section */

/* Begin PBXNativeTarget section */
		F0EEB7211AB6882600149986 /* SoundDrop */ = {
			isa = PBXNativeTarget;
			buildConfigurationList = F0EEB7451AB6882600149986 /* Build configuration list for PBXNativeTarget "SoundDrop" */;
			buildPhases = (
				F0EEB71E1AB6882600149986 /* Sources */,
				F0EEB71F1AB6882600149986 /* Frameworks */,
				F0EEB7201AB6882600149986 /* Resources */,
			);
			buildRules = (
			);
			dependencies = (
				C163AC281AD21635006AD273 /* PBXTargetDependency */,
				F060FFC21AC373CF008F79C9 /* PBXTargetDependency */,
			);
			name = SoundDrop;
			productName = SoundDrop;
			productReference = F0EEB7221AB6882600149986 /* SoundDrop.app */;
			productType = "com.apple.product-type.application";
		};
/* End PBXNativeTarget section */

/* Begin PBXProject section */
		F0EEB71A1AB6882600149986 /* Project object */ = {
			isa = PBXProject;
			attributes = {
				LastUpgradeCheck = 0620;
				ORGANIZATIONNAME = jconst;
				TargetAttributes = {
					F0EEB7211AB6882600149986 = {
						CreatedOnToolsVersion = 6.2;
						DevelopmentTeam = 762L53884S;
					};
				};
			};
			buildConfigurationList = F0EEB71D1AB6882600149986 /* Build configuration list for PBXProject "SoundDrop" */;
			compatibilityVersion = "Xcode 3.2";
			developmentRegion = English;
			hasScannedForEncodings = 0;
			knownRegions = (
				en,
				Base,
			);
			mainGroup = F0EEB7191AB6882600149986;
			productRefGroup = F0EEB7231AB6882600149986 /* Products */;
			projectDirPath = "";
			projectReferences = (
				{
					ProductGroup = F060FFB91AC373A6008F79C9 /* Products */;
					ProjectRef = F060FFB81AC373A6008F79C9 /* libpd.xcodeproj */;
				},
				{
					ProductGroup = C163ABDF1AD215FC006AD273 /* Products */;
					ProjectRef = C163ABDE1AD215FC006AD273 /* VVOpenSource.xcodeproj */;
				},
			);
			projectRoot = "";
			targets = (
				F0EEB7211AB6882600149986 /* SoundDrop */,
			);
		};
/* End PBXProject section */

/* Begin PBXReferenceProxy section */
		C163ABFC1AD215FD006AD273 /* VVBasics.framework */ = {
			isa = PBXReferenceProxy;
			fileType = wrapper.framework;
			path = VVBasics.framework;
			remoteRef = C163ABFB1AD215FD006AD273 /* PBXContainerItemProxy */;
			sourceTree = BUILT_PRODUCTS_DIR;
		};
		C163ABFE1AD215FD006AD273 /* VVBufferPool.framework */ = {
			isa = PBXReferenceProxy;
			fileType = wrapper.framework;
			path = VVBufferPool.framework;
			remoteRef = C163ABFD1AD215FD006AD273 /* PBXContainerItemProxy */;
			sourceTree = BUILT_PRODUCTS_DIR;
		};
		C163AC001AD215FD006AD273 /* DDMathParser.framework */ = {
			isa = PBXReferenceProxy;
			fileType = wrapper.framework;
			path = DDMathParser.framework;
			remoteRef = C163ABFF1AD215FD006AD273 /* PBXContainerItemProxy */;
			sourceTree = BUILT_PRODUCTS_DIR;
		};
		C163AC021AD215FD006AD273 /* JSONKit.framework */ = {
			isa = PBXReferenceProxy;
			fileType = wrapper.framework;
			path = JSONKit.framework;
			remoteRef = C163AC011AD215FD006AD273 /* PBXContainerItemProxy */;
			sourceTree = BUILT_PRODUCTS_DIR;
		};
		C163AC041AD215FD006AD273 /* VVISFKit.framework */ = {
			isa = PBXReferenceProxy;
			fileType = wrapper.framework;
			path = VVISFKit.framework;
			remoteRef = C163AC031AD215FD006AD273 /* PBXContainerItemProxy */;
			sourceTree = BUILT_PRODUCTS_DIR;
		};
		C163AC061AD215FD006AD273 /* VVUIToolbox.framework */ = {
			isa = PBXReferenceProxy;
			fileType = wrapper.framework;
			path = VVUIToolbox.framework;
			remoteRef = C163AC051AD215FD006AD273 /* PBXContainerItemProxy */;
			sourceTree = BUILT_PRODUCTS_DIR;
		};
		C163AC081AD215FD006AD273 /* VVMIDI.framework */ = {
			isa = PBXReferenceProxy;
			fileType = wrapper.framework;
			path = VVMIDI.framework;
			remoteRef = C163AC071AD215FD006AD273 /* PBXContainerItemProxy */;
			sourceTree = BUILT_PRODUCTS_DIR;
		};
		C163AC0A1AD215FD006AD273 /* VVOSC.framework */ = {
			isa = PBXReferenceProxy;
			fileType = wrapper.framework;
			path = VVOSC.framework;
			remoteRef = C163AC091AD215FD006AD273 /* PBXContainerItemProxy */;
			sourceTree = BUILT_PRODUCTS_DIR;
		};
		C163AC0C1AD215FD006AD273 /* CrashReporterTestApp.app */ = {
			isa = PBXReferenceProxy;
			fileType = wrapper.application;
			path = CrashReporterTestApp.app;
			remoteRef = C163AC0B1AD215FD006AD273 /* PBXContainerItemProxy */;
			sourceTree = BUILT_PRODUCTS_DIR;
		};
		C163AC0E1AD215FD006AD273 /* MIDITestApp.app */ = {
			isa = PBXReferenceProxy;
			fileType = wrapper.application;
			path = MIDITestApp.app;
			remoteRef = C163AC0D1AD215FD006AD273 /* PBXContainerItemProxy */;
			sourceTree = BUILT_PRODUCTS_DIR;
		};
		C163AC101AD215FD006AD273 /* OSCTestApp.app */ = {
			isa = PBXReferenceProxy;
			fileType = wrapper.application;
			path = OSCTestApp.app;
			remoteRef = C163AC0F1AD215FD006AD273 /* PBXContainerItemProxy */;
			sourceTree = BUILT_PRODUCTS_DIR;
		};
		C163AC121AD215FD006AD273 /* MIDIviaOSC.app */ = {
			isa = PBXReferenceProxy;
			fileType = wrapper.application;
			path = MIDIviaOSC.app;
			remoteRef = C163AC111AD215FD006AD273 /* PBXContainerItemProxy */;
			sourceTree = BUILT_PRODUCTS_DIR;
		};
		C163AC141AD215FD006AD273 /* OSCQueryTest.app */ = {
			isa = PBXReferenceProxy;
			fileType = wrapper.application;
			path = OSCQueryTest.app;
			remoteRef = C163AC131AD215FD006AD273 /* PBXContainerItemProxy */;
			sourceTree = BUILT_PRODUCTS_DIR;
		};
		C163AC161AD215FD006AD273 /* OSCPingTester.app */ = {
			isa = PBXReferenceProxy;
			fileType = wrapper.application;
			path = OSCPingTester.app;
			remoteRef = C163AC151AD215FD006AD273 /* PBXContainerItemProxy */;
			sourceTree = BUILT_PRODUCTS_DIR;
		};
		C163AC181AD215FD006AD273 /* libVVBasics.a */ = {
			isa = PBXReferenceProxy;
			fileType = archive.ar;
			path = libVVBasics.a;
			remoteRef = C163AC171AD215FD006AD273 /* PBXContainerItemProxy */;
			sourceTree = BUILT_PRODUCTS_DIR;
		};
		C163AC1A1AD215FD006AD273 /* libVVOSC.a */ = {
			isa = PBXReferenceProxy;
			fileType = archive.ar;
			path = libVVOSC.a;
			remoteRef = C163AC191AD215FD006AD273 /* PBXContainerItemProxy */;
			sourceTree = BUILT_PRODUCTS_DIR;
		};
		C163AC1C1AD215FD006AD273 /* libVVUIToolbox.a */ = {
			isa = PBXReferenceProxy;
			fileType = archive.ar;
			path = libVVUIToolbox.a;
			remoteRef = C163AC1B1AD215FD006AD273 /* PBXContainerItemProxy */;
			sourceTree = BUILT_PRODUCTS_DIR;
		};
		C163AC1E1AD215FD006AD273 /* GLScene Test App.app */ = {
			isa = PBXReferenceProxy;
			fileType = wrapper.application;
			path = "GLScene Test App.app";
			remoteRef = C163AC1D1AD215FD006AD273 /* PBXContainerItemProxy */;
			sourceTree = BUILT_PRODUCTS_DIR;
		};
		C163AC201AD215FD006AD273 /* QCGLScene Test App.app */ = {
			isa = PBXReferenceProxy;
			fileType = wrapper.application;
			path = "QCGLScene Test App.app";
			remoteRef = C163AC1F1AD215FD006AD273 /* PBXContainerItemProxy */;
			sourceTree = BUILT_PRODUCTS_DIR;
		};
		C163AC221AD215FD006AD273 /* CIGLScene Test App.app */ = {
			isa = PBXReferenceProxy;
			fileType = wrapper.application;
			path = "CIGLScene Test App.app";
			remoteRef = C163AC211AD215FD006AD273 /* PBXContainerItemProxy */;
			sourceTree = BUILT_PRODUCTS_DIR;
		};
		C163AC241AD215FD006AD273 /* ISFGLScene Test App.app */ = {
			isa = PBXReferenceProxy;
			fileType = wrapper.application;
			path = "ISFGLScene Test App.app";
			remoteRef = C163AC231AD215FD006AD273 /* PBXContainerItemProxy */;
			sourceTree = BUILT_PRODUCTS_DIR;
		};
		C163AC261AD215FD006AD273 /* QT and Hap Test App.app */ = {
			isa = PBXReferenceProxy;
			fileType = wrapper.application;
			path = "QT and Hap Test App.app";
			remoteRef = C163AC251AD215FD006AD273 /* PBXContainerItemProxy */;
			sourceTree = BUILT_PRODUCTS_DIR;
		};
		F060FFBE1AC373A6008F79C9 /* libpd-ios.a */ = {
			isa = PBXReferenceProxy;
			fileType = archive.ar;
			path = "libpd-ios.a";
			remoteRef = F060FFBD1AC373A6008F79C9 /* PBXContainerItemProxy */;
			sourceTree = BUILT_PRODUCTS_DIR;
		};
		F060FFC01AC373A6008F79C9 /* libpd-osx.a */ = {
			isa = PBXReferenceProxy;
			fileType = archive.ar;
			path = "libpd-osx.a";
			remoteRef = F060FFBF1AC373A6008F79C9 /* PBXContainerItemProxy */;
			sourceTree = BUILT_PRODUCTS_DIR;
		};
/* End PBXReferenceProxy section */

/* Begin PBXResourcesBuildPhase section */
		F0EEB7201AB6882600149986 /* Resources */ = {
			isa = PBXResourcesBuildPhase;
			buildActionMask = 2147483647;
			files = (
				F060FFC81AC374D2008F79C9 /* bounce.pd in Resources */,
				F0EEB7521AB7CF5D00149986 /* dropper@2x.png in Resources */,
				F0EEB7361AB6882600149986 /* LaunchScreen.xib in Resources */,
				F0EEB72A1AB6882600149986 /* GameScene.sks in Resources */,
				F0EEB7841ABB369400149986 /* testImage.png in Resources */,
				F0EEB7511AB7CF5D00149986 /* ball@2x.png in Resources */,
				F0EEB7311AB6882600149986 /* Main.storyboard in Resources */,
				F060FFD11AC38CC6008F79C9 /* master.pd in Resources */,
			);
			runOnlyForDeploymentPostprocessing = 0;
		};
/* End PBXResourcesBuildPhase section */

/* Begin PBXSourcesBuildPhase section */
		F0EEB71E1AB6882600149986 /* Sources */ = {
			isa = PBXSourcesBuildPhase;
			buildActionMask = 2147483647;
			files = (
				F0EEB7821ABB2FEB00149986 /* OpenCVImageReader.mm in Sources */,
				F0607EAC1ACE25910079EA3D /* ImageReader.mm in Sources */,
				F0EEB78A1ABB719A00149986 /* Helpers.swift in Sources */,
				F0EEB72C1AB6882600149986 /* GameScene.swift in Sources */,
				F0EEB7881ABB6F5D00149986 /* Globals.swift in Sources */,
				F0607EB51AD4742B0079EA3D /* OSCSender.swift in Sources */,
				F0EEB72E1AB6882600149986 /* GameViewController.swift in Sources */,
				F060FFCC1AC378E8008F79C9 /* SoundManager.m in Sources */,
				F0EEB7281AB6882600149986 /* AppDelegate.swift in Sources */,
			);
			runOnlyForDeploymentPostprocessing = 0;
		};
/* End PBXSourcesBuildPhase section */

/* Begin PBXTargetDependency section */
		C163AC281AD21635006AD273 /* PBXTargetDependency */ = {
			isa = PBXTargetDependency;
			name = "Build iOS static libs";
			targetProxy = C163AC271AD21635006AD273 /* PBXContainerItemProxy */;
		};
		F060FFC21AC373CF008F79C9 /* PBXTargetDependency */ = {
			isa = PBXTargetDependency;
			name = "libpd-ios";
			targetProxy = F060FFC11AC373CF008F79C9 /* PBXContainerItemProxy */;
		};
/* End PBXTargetDependency section */

/* Begin PBXVariantGroup section */
		F0EEB72F1AB6882600149986 /* Main.storyboard */ = {
			isa = PBXVariantGroup;
			children = (
				F0EEB7301AB6882600149986 /* Base */,
			);
			name = Main.storyboard;
			sourceTree = "<group>";
		};
		F0EEB7341AB6882600149986 /* LaunchScreen.xib */ = {
			isa = PBXVariantGroup;
			children = (
				F0EEB7351AB6882600149986 /* Base */,
			);
			name = LaunchScreen.xib;
			sourceTree = "<group>";
		};
/* End PBXVariantGroup section */

/* Begin XCBuildConfiguration section */
		F0EEB7431AB6882600149986 /* Debug */ = {
			isa = XCBuildConfiguration;
			buildSettings = {
				ALWAYS_SEARCH_USER_PATHS = NO;
				CLANG_CXX_LANGUAGE_STANDARD = "gnu++0x";
				CLANG_CXX_LIBRARY = "libc++";
				CLANG_ENABLE_MODULES = YES;
				CLANG_ENABLE_OBJC_ARC = YES;
				CLANG_WARN_BOOL_CONVERSION = YES;
				CLANG_WARN_CONSTANT_CONVERSION = YES;
				CLANG_WARN_DIRECT_OBJC_ISA_USAGE = YES_ERROR;
				CLANG_WARN_EMPTY_BODY = YES;
				CLANG_WARN_ENUM_CONVERSION = YES;
				CLANG_WARN_INT_CONVERSION = YES;
				CLANG_WARN_OBJC_ROOT_CLASS = YES_ERROR;
				CLANG_WARN_UNREACHABLE_CODE = YES;
				CLANG_WARN__DUPLICATE_METHOD_MATCH = YES;
				"CODE_SIGN_IDENTITY[sdk=iphoneos*]" = "iPhone Developer";
				COPY_PHASE_STRIP = NO;
				ENABLE_STRICT_OBJC_MSGSEND = YES;
				GCC_C_LANGUAGE_STANDARD = gnu99;
				GCC_DYNAMIC_NO_PIC = NO;
				GCC_OPTIMIZATION_LEVEL = 0;
				GCC_PREPROCESSOR_DEFINITIONS = (
					"DEBUG=1",
					"$(inherited)",
				);
				GCC_SYMBOLS_PRIVATE_EXTERN = NO;
				GCC_WARN_64_TO_32_BIT_CONVERSION = YES;
				GCC_WARN_ABOUT_RETURN_TYPE = YES_ERROR;
				GCC_WARN_UNDECLARED_SELECTOR = YES;
				GCC_WARN_UNINITIALIZED_AUTOS = YES_AGGRESSIVE;
				GCC_WARN_UNUSED_FUNCTION = YES;
				GCC_WARN_UNUSED_VARIABLE = YES;
				IPHONEOS_DEPLOYMENT_TARGET = 8.2;
				MTL_ENABLE_DEBUG_INFO = YES;
				ONLY_ACTIVE_ARCH = YES;
				SDKROOT = iphoneos;
				SWIFT_OPTIMIZATION_LEVEL = "-Onone";
				TARGETED_DEVICE_FAMILY = 2;
			};
			name = Debug;
		};
		F0EEB7441AB6882600149986 /* Release */ = {
			isa = XCBuildConfiguration;
			buildSettings = {
				ALWAYS_SEARCH_USER_PATHS = NO;
				CLANG_CXX_LANGUAGE_STANDARD = "gnu++0x";
				CLANG_CXX_LIBRARY = "libc++";
				CLANG_ENABLE_MODULES = YES;
				CLANG_ENABLE_OBJC_ARC = YES;
				CLANG_WARN_BOOL_CONVERSION = YES;
				CLANG_WARN_CONSTANT_CONVERSION = YES;
				CLANG_WARN_DIRECT_OBJC_ISA_USAGE = YES_ERROR;
				CLANG_WARN_EMPTY_BODY = YES;
				CLANG_WARN_ENUM_CONVERSION = YES;
				CLANG_WARN_INT_CONVERSION = YES;
				CLANG_WARN_OBJC_ROOT_CLASS = YES_ERROR;
				CLANG_WARN_UNREACHABLE_CODE = YES;
				CLANG_WARN__DUPLICATE_METHOD_MATCH = YES;
				"CODE_SIGN_IDENTITY[sdk=iphoneos*]" = "iPhone Developer";
				COPY_PHASE_STRIP = NO;
				ENABLE_NS_ASSERTIONS = NO;
				ENABLE_STRICT_OBJC_MSGSEND = YES;
				GCC_C_LANGUAGE_STANDARD = gnu99;
				GCC_WARN_64_TO_32_BIT_CONVERSION = YES;
				GCC_WARN_ABOUT_RETURN_TYPE = YES_ERROR;
				GCC_WARN_UNDECLARED_SELECTOR = YES;
				GCC_WARN_UNINITIALIZED_AUTOS = YES_AGGRESSIVE;
				GCC_WARN_UNUSED_FUNCTION = YES;
				GCC_WARN_UNUSED_VARIABLE = YES;
				IPHONEOS_DEPLOYMENT_TARGET = 8.2;
				MTL_ENABLE_DEBUG_INFO = NO;
				SDKROOT = iphoneos;
				TARGETED_DEVICE_FAMILY = 2;
				VALIDATE_PRODUCT = YES;
			};
			name = Release;
		};
		F0EEB7461AB6882600149986 /* Debug */ = {
			isa = XCBuildConfiguration;
			buildSettings = {
				ASSETCATALOG_COMPILER_APPICON_NAME = AppIcon;
				CLANG_ENABLE_MODULES = YES;
				CODE_SIGN_IDENTITY = "iPhone Developer";
				"CODE_SIGN_IDENTITY[sdk=iphoneos*]" = "iPhone Developer";
				FRAMEWORK_SEARCH_PATHS = (
					"$(inherited)",
					"$(PROJECT_DIR)",
				);
				INFOPLIST_FILE = SoundDrop/Info.plist;
				IPHONEOS_DEPLOYMENT_TARGET = 7.0;
				LD_RUNPATH_SEARCH_PATHS = "$(inherited) @executable_path/Frameworks";
				OTHER_LDFLAGS = "-ObjC";
				PRODUCT_NAME = "$(TARGET_NAME)";
				PROVISIONING_PROFILE = "";
				SWIFT_OBJC_BRIDGING_HEADER = "SoundDrop/SoundDrop-Bridging-Header.h";
				SWIFT_OPTIMIZATION_LEVEL = "-Onone";
				TARGETED_DEVICE_FAMILY = "1,2";
				USER_HEADER_SEARCH_PATHS = "$(PROJECT_DIR)/libpd/**";
			};
			name = Debug;
		};
		F0EEB7471AB6882600149986 /* Release */ = {
			isa = XCBuildConfiguration;
			buildSettings = {
				ASSETCATALOG_COMPILER_APPICON_NAME = AppIcon;
				CLANG_ENABLE_MODULES = YES;
				CODE_SIGN_IDENTITY = "iPhone Developer";
				"CODE_SIGN_IDENTITY[sdk=iphoneos*]" = "iPhone Developer";
				FRAMEWORK_SEARCH_PATHS = (
					"$(inherited)",
					"$(PROJECT_DIR)",
				);
				INFOPLIST_FILE = SoundDrop/Info.plist;
				IPHONEOS_DEPLOYMENT_TARGET = 7.0;
				LD_RUNPATH_SEARCH_PATHS = "$(inherited) @executable_path/Frameworks";
				OTHER_LDFLAGS = "-ObjC";
				PRODUCT_NAME = "$(TARGET_NAME)";
				PROVISIONING_PROFILE = "";
				SWIFT_OBJC_BRIDGING_HEADER = "SoundDrop/SoundDrop-Bridging-Header.h";
				TARGETED_DEVICE_FAMILY = "1,2";
				USER_HEADER_SEARCH_PATHS = "$(PROJECT_DIR)/libpd/**";
			};
			name = Release;
		};
/* End XCBuildConfiguration section */

/* Begin XCConfigurationList section */
		F0EEB71D1AB6882600149986 /* Build configuration list for PBXProject "SoundDrop" */ = {
			isa = XCConfigurationList;
			buildConfigurations = (
				F0EEB7431AB6882600149986 /* Debug */,
				F0EEB7441AB6882600149986 /* Release */,
			);
			defaultConfigurationIsVisible = 0;
			defaultConfigurationName = Release;
		};
		F0EEB7451AB6882600149986 /* Build configuration list for PBXNativeTarget "SoundDrop" */ = {
			isa = XCConfigurationList;
			buildConfigurations = (
				F0EEB7461AB6882600149986 /* Debug */,
				F0EEB7471AB6882600149986 /* Release */,
			);
			defaultConfigurationIsVisible = 0;
			defaultConfigurationName = Release;
		};
/* End XCConfigurationList section */
	};
	rootObject = F0EEB71A1AB6882600149986 /* Project object */;
}
